
Microsoft Visual Studio Solution File, Format Version 12.00
# Visual Studio 15
VisualStudioVersion = 15.0.27130.0
MinimumVisualStudioVersion = 10.0.40219.1
Project("{FAE04EC0-301F-11D3-BF4B-00C04F79EFBC}") = "HelseID.Test.API.FullFramework", "HelseID.Test.API.FullFramework\HelseID.Test.API.FullFramework.csproj", "{F65295A0-5A46-462F-9A69-6235C52B804C}"
EndProject
Project("{FAE04EC0-301F-11D3-BF4B-00C04F79EFBC}") = "HelseID.Test.API.AspNetCore", "HelseID.Test.API.AspNetCore\HelseID.Test.API.AspNetCore.csproj", "{3EE22A67-2ADE-442F-B961-207CA381BD59}"
EndProject
Global
	GlobalSection(SolutionConfigurationPlatforms) = preSolution
		Debug|Any CPU = Debug|Any CPU
		Release|Any CPU = Release|Any CPU
	EndGlobalSection
	GlobalSection(ProjectConfigurationPlatforms) = postSolution
		{F65295A0-5A46-462F-9A69-6235C52B804C}.Debug|Any CPU.ActiveCfg = Debug|Any CPU
		{F65295A0-5A46-462F-9A69-6235C52B804C}.Debug|Any CPU.Build.0 = Debug|Any CPU
		{F65295A0-5A46-462F-9A69-6235C52B804C}.Release|Any CPU.ActiveCfg = Release|Any CPU
		{F65295A0-5A46-462F-9A69-6235C52B804C}.Release|Any CPU.Build.0 = Release|Any CPU
		{3EE22A67-2ADE-442F-B961-207CA381BD59}.Debug|Any CPU.ActiveCfg = Debug|Any CPU
		{3EE22A67-2ADE-442F-B961-207CA381BD59}.Debug|Any CPU.Build.0 = Debug|Any CPU
		{3EE22A67-2ADE-442F-B961-207CA381BD59}.Release|Any CPU.ActiveCfg = Release|Any CPU
		{3EE22A67-2ADE-442F-B961-207CA381BD59}.Release|Any CPU.Build.0 = Release|Any CPU
	EndGlobalSection
	GlobalSection(SolutionProperties) = preSolution
		HideSolutionNode = FALSE
	EndGlobalSection
	GlobalSection(ExtensibilityGlobals) = postSolution
		SolutionGuid = {ADA4BDC2-427F-4ED8-A4C3-47F4D1C3EE45}
	EndGlobalSection
EndGlobal
